
Microsoft Visual Studio Solution File, Format Version 12.00
# Visual Studio 15
Project("{FAE04EC0-301F-11D3-BF4B-00C04F79EFBC}") = "PlayerAD", "PlayerAD.csproj", "{A543FDDE-9B44-D335-C871-BAB48880B4B6}"
EndProject
Project("{FAE04EC0-301F-11D3-BF4B-00C04F79EFBC}") = "StageAD", "StageAD.csproj", "{AB266C3C-03AB-EF15-1E00-A9076F3F4E61}"
EndProject
Project("{FAE04EC0-301F-11D3-BF4B-00C04F79EFBC}") = "Assembly-CSharp", "Assembly-CSharp.csproj", "{15AC7277-7AD0-3041-238B-8A16A850B327}"
EndProject
Project("{FAE04EC0-301F-11D3-BF4B-00C04F79EFBC}") = "Assembly-CSharp-firstpass", "Assembly-CSharp-firstpass.csproj", "{54A74633-E8C5-0727-1637-34CF155342FF}"
EndProject
Project("{FAE04EC0-301F-11D3-BF4B-00C04F79EFBC}") = "EnemyAD", "EnemyAD.csproj", "{880644BE-6F6F-BBFF-BA3A-85FD2292AB90}"
EndProject
Project("{FAE04EC0-301F-11D3-BF4B-00C04F79EFBC}") = "Assembly-CSharp-Editor", "Assembly-CSharp-Editor.csproj", "{ED707A60-FD13-CDEA-6495-33E3C34E3FB3}"
EndProject
Global
	GlobalSection(SolutionConfigurationPlatforms) = preSolution
		Debug|Any CPU = Debug|Any CPU
		Release|Any CPU = Release|Any CPU
	EndGlobalSection
	GlobalSection(ProjectConfigurationPlatforms) = postSolution
		{A543FDDE-9B44-D335-C871-BAB48880B4B6}.Debug|Any CPU.ActiveCfg = Debug|Any CPU
		{A543FDDE-9B44-D335-C871-BAB48880B4B6}.Debug|Any CPU.Build.0 = Debug|Any CPU
		{A543FDDE-9B44-D335-C871-BAB48880B4B6}.Release|Any CPU.ActiveCfg = Release|Any CPU
		{A543FDDE-9B44-D335-C871-BAB48880B4B6}.Release|Any CPU.Build.0 = Release|Any CPU
		{AB266C3C-03AB-EF15-1E00-A9076F3F4E61}.Debug|Any CPU.ActiveCfg = Debug|Any CPU
		{AB266C3C-03AB-EF15-1E00-A9076F3F4E61}.Debug|Any CPU.Build.0 = Debug|Any CPU
		{AB266C3C-03AB-EF15-1E00-A9076F3F4E61}.Release|Any CPU.ActiveCfg = Release|Any CPU
		{AB266C3C-03AB-EF15-1E00-A9076F3F4E61}.Release|Any CPU.Build.0 = Release|Any CPU
		{15AC7277-7AD0-3041-238B-8A16A850B327}.Debug|Any CPU.ActiveCfg = Debug|Any CPU
		{15AC7277-7AD0-3041-238B-8A16A850B327}.Debug|Any CPU.Build.0 = Debug|Any CPU
		{15AC7277-7AD0-3041-238B-8A16A850B327}.Release|Any CPU.ActiveCfg = Release|Any CPU
		{15AC7277-7AD0-3041-238B-8A16A850B327}.Release|Any CPU.Build.0 = Release|Any CPU
		{54A74633-E8C5-0727-1637-34CF155342FF}.Debug|Any CPU.ActiveCfg = Debug|Any CPU
		{54A74633-E8C5-0727-1637-34CF155342FF}.Debug|Any CPU.Build.0 = Debug|Any CPU
		{54A74633-E8C5-0727-1637-34CF155342FF}.Release|Any CPU.ActiveCfg = Release|Any CPU
		{54A74633-E8C5-0727-1637-34CF155342FF}.Release|Any CPU.Build.0 = Release|Any CPU
		{880644BE-6F6F-BBFF-BA3A-85FD2292AB90}.Debug|Any CPU.ActiveCfg = Debug|Any CPU
		{880644BE-6F6F-BBFF-BA3A-85FD2292AB90}.Debug|Any CPU.Build.0 = Debug|Any CPU
		{880644BE-6F6F-BBFF-BA3A-85FD2292AB90}.Release|Any CPU.ActiveCfg = Release|Any CPU
		{880644BE-6F6F-BBFF-BA3A-85FD2292AB90}.Release|Any CPU.Build.0 = Release|Any CPU
		{ED707A60-FD13-CDEA-6495-33E3C34E3FB3}.Debug|Any CPU.ActiveCfg = Debug|Any CPU
		{ED707A60-FD13-CDEA-6495-33E3C34E3FB3}.Debug|Any CPU.Build.0 = Debug|Any CPU
		{ED707A60-FD13-CDEA-6495-33E3C34E3FB3}.Release|Any CPU.ActiveCfg = Release|Any CPU
		{ED707A60-FD13-CDEA-6495-33E3C34E3FB3}.Release|Any CPU.Build.0 = Release|Any CPU
	EndGlobalSection
	GlobalSection(SolutionProperties) = preSolution
		HideSolutionNode = FALSE
	EndGlobalSection
EndGlobal
